// !$*UTF8*$!
{
	archiveVersion = 1;
	classes = {
	};
	objectVersion = 50;
	objects = {

/* Begin PBXBuildFile section */
		ECEAB39726D78956002D56A5 /* AppDelegate.swift in Sources */ = {isa = PBXBuildFile; fileRef = ECEAB39626D78956002D56A5 /* AppDelegate.swift */; };
		ECEAB39926D78956002D56A5 /* SceneDelegate.swift in Sources */ = {isa = PBXBuildFile; fileRef = ECEAB39826D78956002D56A5 /* SceneDelegate.swift */; };
		ECEAB39B26D78956002D56A5 /* ViewController.swift in Sources */ = {isa = PBXBuildFile; fileRef = ECEAB39A26D78956002D56A5 /* ViewController.swift */; };
		ECEAB39E26D78956002D56A5 /* Main.storyboard in Resources */ = {isa = PBXBuildFile; fileRef = ECEAB39C26D78956002D56A5 /* Main.storyboard */; };
		ECEAB3A026D78958002D56A5 /* Assets.xcassets in Resources */ = {isa = PBXBuildFile; fileRef = ECEAB39F26D78958002D56A5 /* Assets.xcassets */; };
		ECEAB3A326D78958002D56A5 /* LaunchScreen.storyboard in Resources */ = {isa = PBXBuildFile; fileRef = ECEAB3A126D78958002D56A5 /* LaunchScreen.storyboard */; };
		ECEAB3AE26D78958002D56A5 /* MVPTests.swift in Sources */ = {isa = PBXBuildFile; fileRef = ECEAB3AD26D78958002D56A5 /* MVPTests.swift */; };
		ECEAB3B926D78958002D56A5 /* MVPUITests.swift in Sources */ = {isa = PBXBuildFile; fileRef = ECEAB3B826D78958002D56A5 /* MVPUITests.swift */; };
/* End PBXBuildFile section */

/* Begin PBXContainerItemProxy section */
		ECEAB3AA26D78958002D56A5 /* PBXContainerItemProxy */ = {
			isa = PBXContainerItemProxy;
			containerPortal = ECEAB38B26D78956002D56A5 /* Project object */;
			proxyType = 1;
			remoteGlobalIDString = ECEAB39226D78956002D56A5;
			remoteInfo = MVP;
		};
		ECEAB3B526D78958002D56A5 /* PBXContainerItemProxy */ = {
			isa = PBXContainerItemProxy;
			containerPortal = ECEAB38B26D78956002D56A5 /* Project object */;
			proxyType = 1;
			remoteGlobalIDString = ECEAB39226D78956002D56A5;
			remoteInfo = MVP;
		};
/* End PBXContainerItemProxy section */

/* Begin PBXFileReference section */
		ECEAB39326D78956002D56A5 /* MVP.app */ = {isa = PBXFileReference; explicitFileType = wrapper.application; includeInIndex = 0; path = MVP.app; sourceTree = BUILT_PRODUCTS_DIR; };
		ECEAB39626D78956002D56A5 /* AppDelegate.swift */ = {isa = PBXFileReference; lastKnownFileType = sourcecode.swift; path = AppDelegate.swift; sourceTree = "<group>"; };
		ECEAB39826D78956002D56A5 /* SceneDelegate.swift */ = {isa = PBXFileReference; lastKnownFileType = sourcecode.swift; path = SceneDelegate.swift; sourceTree = "<group>"; };
		ECEAB39A26D78956002D56A5 /* ViewController.swift */ = {isa = PBXFileReference; lastKnownFileType = sourcecode.swift; path = ViewController.swift; sourceTree = "<group>"; };
		ECEAB39D26D78956002D56A5 /* Base */ = {isa = PBXFileReference; lastKnownFileType = file.storyboard; name = Base; path = Base.lproj/Main.storyboard; sourceTree = "<group>"; };
		ECEAB39F26D78958002D56A5 /* Assets.xcassets */ = {isa = PBXFileReference; lastKnownFileType = folder.assetcatalog; path = Assets.xcassets; sourceTree = "<group>"; };
		ECEAB3A226D78958002D56A5 /* Base */ = {isa = PBXFileReference; lastKnownFileType = file.storyboard; name = Base; path = Base.lproj/LaunchScreen.storyboard; sourceTree = "<group>"; };
		ECEAB3A426D78958002D56A5 /* Info.plist */ = {isa = PBXFileReference; lastKnownFileType = text.plist.xml; path = Info.plist; sourceTree = "<group>"; };
		ECEAB3A926D78958002D56A5 /* MVPTests.xctest */ = {isa = PBXFileReference; explicitFileType = wrapper.cfbundle; includeInIndex = 0; path = MVPTests.xctest; sourceTree = BUILT_PRODUCTS_DIR; };
		ECEAB3AD26D78958002D56A5 /* MVPTests.swift */ = {isa = PBXFileReference; lastKnownFileType = sourcecode.swift; path = MVPTests.swift; sourceTree = "<group>"; };
		ECEAB3AF26D78958002D56A5 /* Info.plist */ = {isa = PBXFileReference; lastKnownFileType = text.plist.xml; path = Info.plist; sourceTree = "<group>"; };
		ECEAB3B426D78958002D56A5 /* MVPUITests.xctest */ = {isa = PBXFileReference; explicitFileType = wrapper.cfbundle; includeInIndex = 0; path = MVPUITests.xctest; sourceTree = BUILT_PRODUCTS_DIR; };
		ECEAB3B826D78958002D56A5 /* MVPUITests.swift */ = {isa = PBXFileReference; lastKnownFileType = sourcecode.swift; path = MVPUITests.swift; sourceTree = "<group>"; };
		ECEAB3BA26D78958002D56A5 /* Info.plist */ = {isa = PBXFileReference; lastKnownFileType = text.plist.xml; path = Info.plist; sourceTree = "<group>"; };
/* End PBXFileReference section */

/* Begin PBXFrameworksBuildPhase section */
		ECEAB39026D78956002D56A5 /* Frameworks */ = {
			isa = PBXFrameworksBuildPhase;
			buildActionMask = 2147483647;
			files = (
			);
			runOnlyForDeploymentPostprocessing = 0;
		};
		ECEAB3A626D78958002D56A5 /* Frameworks */ = {
			isa = PBXFrameworksBuildPhase;
			buildActionMask = 2147483647;
			files = (
			);
			runOnlyForDeploymentPostprocessing = 0;
		};
		ECEAB3B126D78958002D56A5 /* Frameworks */ = {
			isa = PBXFrameworksBuildPhase;
			buildActionMask = 2147483647;
			files = (
			);
			runOnlyForDeploymentPostprocessing = 0;
		};
/* End PBXFrameworksBuildPhase section */

/* Begin PBXGroup section */
		ECEAB38A26D78956002D56A5 = {
			isa = PBXGroup;
			children = (
				ECEAB39526D78956002D56A5 /* MVP */,
				ECEAB3AC26D78958002D56A5 /* MVPTests */,
				ECEAB3B726D78958002D56A5 /* MVPUITests */,
				ECEAB39426D78956002D56A5 /* Products */,
			);
			sourceTree = "<group>";
		};
		ECEAB39426D78956002D56A5 /* Products */ = {
			isa = PBXGroup;
			children = (
				ECEAB39326D78956002D56A5 /* MVP.app */,
				ECEAB3A926D78958002D56A5 /* MVPTests.xctest */,
				ECEAB3B426D78958002D56A5 /* MVPUITests.xctest */,
			);
			name = Products;
			sourceTree = "<group>";
		};
		ECEAB39526D78956002D56A5 /* MVP */ = {
			isa = PBXGroup;
			children = (
				ECEAB39626D78956002D56A5 /* AppDelegate.swift */,
				ECEAB39826D78956002D56A5 /* SceneDelegate.swift */,
				ECEAB39A26D78956002D56A5 /* ViewController.swift */,
				ECEAB39C26D78956002D56A5 /* Main.storyboard */,
				ECEAB39F26D78958002D56A5 /* Assets.xcassets */,
				ECEAB3A126D78958002D56A5 /* LaunchScreen.storyboard */,
				ECEAB3A426D78958002D56A5 /* Info.plist */,
			);
			path = MVP;
			sourceTree = "<group>";
		};
		ECEAB3AC26D78958002D56A5 /* MVPTests */ = {
			isa = PBXGroup;
			children = (
				ECEAB3AD26D78958002D56A5 /* MVPTests.swift */,
				ECEAB3AF26D78958002D56A5 /* Info.plist */,
			);
			path = MVPTests;
			sourceTree = "<group>";
		};
		ECEAB3B726D78958002D56A5 /* MVPUITests */ = {
			isa = PBXGroup;
			children = (
				ECEAB3B826D78958002D56A5 /* MVPUITests.swift */,
				ECEAB3BA26D78958002D56A5 /* Info.plist */,
			);
			path = MVPUITests;
			sourceTree = "<group>";
		};
/* End PBXGroup section */

/* Begin PBXNativeTarget section */
		ECEAB39226D78956002D56A5 /* MVP */ = {
			isa = PBXNativeTarget;
			buildConfigurationList = ECEAB3BD26D78958002D56A5 /* Build configuration list for PBXNativeTarget "MVP" */;
			buildPhases = (
				ECEAB38F26D78956002D56A5 /* Sources */,
				ECEAB39026D78956002D56A5 /* Frameworks */,
				ECEAB39126D78956002D56A5 /* Resources */,
			);
			buildRules = (
			);
			dependencies = (
			);
			name = MVP;
			productName = MVP;
			productReference = ECEAB39326D78956002D56A5 /* MVP.app */;
			productType = "com.apple.product-type.application";
		};
		ECEAB3A826D78958002D56A5 /* MVPTests */ = {
			isa = PBXNativeTarget;
			buildConfigurationList = ECEAB3C026D78958002D56A5 /* Build configuration list for PBXNativeTarget "MVPTests" */;
			buildPhases = (
				ECEAB3A526D78958002D56A5 /* Sources */,
				ECEAB3A626D78958002D56A5 /* Frameworks */,
				ECEAB3A726D78958002D56A5 /* Resources */,
			);
			buildRules = (
			);
			dependencies = (
				ECEAB3AB26D78958002D56A5 /* PBXTargetDependency */,
			);
			name = MVPTests;
			productName = MVPTests;
			productReference = ECEAB3A926D78958002D56A5 /* MVPTests.xctest */;
			productType = "com.apple.product-type.bundle.unit-test";
		};
		ECEAB3B326D78958002D56A5 /* MVPUITests */ = {
			isa = PBXNativeTarget;
			buildConfigurationList = ECEAB3C326D78958002D56A5 /* Build configuration list for PBXNativeTarget "MVPUITests" */;
			buildPhases = (
				ECEAB3B026D78958002D56A5 /* Sources */,
				ECEAB3B126D78958002D56A5 /* Frameworks */,
				ECEAB3B226D78958002D56A5 /* Resources */,
			);
			buildRules = (
			);
			dependencies = (
				ECEAB3B626D78958002D56A5 /* PBXTargetDependency */,
			);
			name = MVPUITests;
			productName = MVPUITests;
			productReference = ECEAB3B426D78958002D56A5 /* MVPUITests.xctest */;
			productType = "com.apple.product-type.bundle.ui-testing";
		};
/* End PBXNativeTarget section */

/* Begin PBXProject section */
		ECEAB38B26D78956002D56A5 /* Project object */ = {
			isa = PBXProject;
			attributes = {
				LastSwiftUpdateCheck = 1250;
				LastUpgradeCheck = 1250;
				TargetAttributes = {
					ECEAB39226D78956002D56A5 = {
						CreatedOnToolsVersion = 12.5.1;
					};
					ECEAB3A826D78958002D56A5 = {
						CreatedOnToolsVersion = 12.5.1;
						TestTargetID = ECEAB39226D78956002D56A5;
					};
					ECEAB3B326D78958002D56A5 = {
						CreatedOnToolsVersion = 12.5.1;
						TestTargetID = ECEAB39226D78956002D56A5;
					};
				};
			};
			buildConfigurationList = ECEAB38E26D78956002D56A5 /* Build configuration list for PBXProject "MVP" */;
			compatibilityVersion = "Xcode 9.3";
			developmentRegion = en;
			hasScannedForEncodings = 0;
			knownRegions = (
				en,
				Base,
			);
			mainGroup = ECEAB38A26D78956002D56A5;
			productRefGroup = ECEAB39426D78956002D56A5 /* Products */;
			projectDirPath = "";
			projectRoot = "";
			targets = (
				ECEAB39226D78956002D56A5 /* MVP */,
				ECEAB3A826D78958002D56A5 /* MVPTests */,
				ECEAB3B326D78958002D56A5 /* MVPUITests */,
			);
		};
/* End PBXProject section */

/* Begin PBXResourcesBuildPhase section */
		ECEAB39126D78956002D56A5 /* Resources */ = {
			isa = PBXResourcesBuildPhase;
			buildActionMask = 2147483647;
			files = (
				ECEAB3A326D78958002D56A5 /* LaunchScreen.storyboard in Resources */,
				ECEAB3A026D78958002D56A5 /* Assets.xcassets in Resources */,
				ECEAB39E26D78956002D56A5 /* Main.storyboard in Resources */,
			);
			runOnlyForDeploymentPostprocessing = 0;
		};
		ECEAB3A726D78958002D56A5 /* Resources */ = {
			isa = PBXResourcesBuildPhase;
			buildActionMask = 2147483647;
			files = (
			);
			runOnlyForDeploymentPostprocessing = 0;
		};
		ECEAB3B226D78958002D56A5 /* Resources */ = {
			isa = PBXResourcesBuildPhase;
			buildActionMask = 2147483647;
			files = (
			);
			runOnlyForDeploymentPostprocessing = 0;
		};
/* End PBXResourcesBuildPhase section */

/* Begin PBXSourcesBuildPhase section */
		ECEAB38F26D78956002D56A5 /* Sources */ = {
			isa = PBXSourcesBuildPhase;
			buildActionMask = 2147483647;
			files = (
				ECEAB39B26D78956002D56A5 /* ViewController.swift in Sources */,
				ECEAB39726D78956002D56A5 /* AppDelegate.swift in Sources */,
				ECEAB39926D78956002D56A5 /* SceneDelegate.swift in Sources */,
			);
			runOnlyForDeploymentPostprocessing = 0;
		};
		ECEAB3A526D78958002D56A5 /* Sources */ = {
			isa = PBXSourcesBuildPhase;
			buildActionMask = 2147483647;
			files = (
				ECEAB3AE26D78958002D56A5 /* MVPTests.swift in Sources */,
			);
			runOnlyForDeploymentPostprocessing = 0;
		};
		ECEAB3B026D78958002D56A5 /* Sources */ = {
			isa = PBXSourcesBuildPhase;
			buildActionMask = 2147483647;
			files = (
				ECEAB3B926D78958002D56A5 /* MVPUITests.swift in Sources */,
			);
			runOnlyForDeploymentPostprocessing = 0;
		};
/* End PBXSourcesBuildPhase section */

/* Begin PBXTargetDependency section */
		ECEAB3AB26D78958002D56A5 /* PBXTargetDependency */ = {
			isa = PBXTargetDependency;
			target = ECEAB39226D78956002D56A5 /* MVP */;
			targetProxy = ECEAB3AA26D78958002D56A5 /* PBXContainerItemProxy */;
		};
		ECEAB3B626D78958002D56A5 /* PBXTargetDependency */ = {
			isa = PBXTargetDependency;
			target = ECEAB39226D78956002D56A5 /* MVP */;
			targetProxy = ECEAB3B526D78958002D56A5 /* PBXContainerItemProxy */;
		};
/* End PBXTargetDependency section */

/* Begin PBXVariantGroup section */
		ECEAB39C26D78956002D56A5 /* Main.storyboard */ = {
			isa = PBXVariantGroup;
			children = (
				ECEAB39D26D78956002D56A5 /* Base */,
			);
			name = Main.storyboard;
			sourceTree = "<group>";
		};
		ECEAB3A126D78958002D56A5 /* LaunchScreen.storyboard */ = {
			isa = PBXVariantGroup;
			children = (
				ECEAB3A226D78958002D56A5 /* Base */,
			);
			name = LaunchScreen.storyboard;
			sourceTree = "<group>";
		};
/* End PBXVariantGroup section */

/* Begin XCBuildConfiguration section */
		ECEAB3BB26D78958002D56A5 /* Debug */ = {
			isa = XCBuildConfiguration;
			buildSettings = {
				ALWAYS_SEARCH_USER_PATHS = NO;
				CLANG_ANALYZER_NONNULL = YES;
				CLANG_ANALYZER_NUMBER_OBJECT_CONVERSION = YES_AGGRESSIVE;
				CLANG_CXX_LANGUAGE_STANDARD = "gnu++14";
				CLANG_CXX_LIBRARY = "libc++";
				CLANG_ENABLE_MODULES = YES;
				CLANG_ENABLE_OBJC_ARC = YES;
				CLANG_ENABLE_OBJC_WEAK = YES;
				CLANG_WARN_BLOCK_CAPTURE_AUTORELEASING = YES;
				CLANG_WARN_BOOL_CONVERSION = YES;
				CLANG_WARN_COMMA = YES;
				CLANG_WARN_CONSTANT_CONVERSION = YES;
				CLANG_WARN_DEPRECATED_OBJC_IMPLEMENTATIONS = YES;
				CLANG_WARN_DIRECT_OBJC_ISA_USAGE = YES_ERROR;
				CLANG_WARN_DOCUMENTATION_COMMENTS = YES;
				CLANG_WARN_EMPTY_BODY = YES;
				CLANG_WARN_ENUM_CONVERSION = YES;
				CLANG_WARN_INFINITE_RECURSION = YES;
				CLANG_WARN_INT_CONVERSION = YES;
				CLANG_WARN_NON_LITERAL_NULL_CONVERSION = YES;
				CLANG_WARN_OBJC_IMPLICIT_RETAIN_SELF = YES;
				CLANG_WARN_OBJC_LITERAL_CONVERSION = YES;
				CLANG_WARN_OBJC_ROOT_CLASS = YES_ERROR;
				CLANG_WARN_QUOTED_INCLUDE_IN_FRAMEWORK_HEADER = YES;
				CLANG_WARN_RANGE_LOOP_ANALYSIS = YES;
				CLANG_WARN_STRICT_PROTOTYPES = YES;
				CLANG_WARN_SUSPICIOUS_MOVE = YES;
				CLANG_WARN_UNGUARDED_AVAILABILITY = YES_AGGRESSIVE;
				CLANG_WARN_UNREACHABLE_CODE = YES;
				CLANG_WARN__DUPLICATE_METHOD_MATCH = YES;
				COPY_PHASE_STRIP = NO;
				DEBUG_INFORMATION_FORMAT = dwarf;
				ENABLE_STRICT_OBJC_MSGSEND = YES;
				ENABLE_TESTABILITY = YES;
				GCC_C_LANGUAGE_STANDARD = gnu11;
				GCC_DYNAMIC_NO_PIC = NO;
				GCC_NO_COMMON_BLOCKS = YES;
				GCC_OPTIMIZATION_LEVEL = 0;
				GCC_PREPROCESSOR_DEFINITIONS = (
					"DEBUG=1",
					"$(inherited)",
				);
				GCC_WARN_64_TO_32_BIT_CONVERSION = YES;
				GCC_WARN_ABOUT_RETURN_TYPE = YES_ERROR;
				GCC_WARN_UNDECLARED_SELECTOR = YES;
				GCC_WARN_UNINITIALIZED_AUTOS = YES_AGGRESSIVE;
				GCC_WARN_UNUSED_FUNCTION = YES;
				GCC_WARN_UNUSED_VARIABLE = YES;
				IPHONEOS_DEPLOYMENT_TARGET = 14.5;
				MTL_ENABLE_DEBUG_INFO = INCLUDE_SOURCE;
				MTL_FAST_MATH = YES;
				ONLY_ACTIVE_ARCH = YES;
				SDKROOT = iphoneos;
				SWIFT_ACTIVE_COMPILATION_CONDITIONS = DEBUG;
				SWIFT_OPTIMIZATION_LEVEL = "-Onone";
			};
			name = Debug;
		};
		ECEAB3BC26D78958002D56A5 /* Release */ = {
			isa = XCBuildConfiguration;
			buildSettings = {
				ALWAYS_SEARCH_USER_PATHS = NO;
				CLANG_ANALYZER_NONNULL = YES;
				CLANG_ANALYZER_NUMBER_OBJECT_CONVERSION = YES_AGGRESSIVE;
				CLANG_CXX_LANGUAGE_STANDARD = "gnu++14";
				CLANG_CXX_LIBRARY = "libc++";
				CLANG_ENABLE_MODULES = YES;
				CLANG_ENABLE_OBJC_ARC = YES;
				CLANG_ENABLE_OBJC_WEAK = YES;
				CLANG_WARN_BLOCK_CAPTURE_AUTORELEASING = YES;
				CLANG_WARN_BOOL_CONVERSION = YES;
				CLANG_WARN_COMMA = YES;
				CLANG_WARN_CONSTANT_CONVERSION = YES;
				CLANG_WARN_DEPRECATED_OBJC_IMPLEMENTATIONS = YES;
				CLANG_WARN_DIRECT_OBJC_ISA_USAGE = YES_ERROR;
				CLANG_WARN_DOCUMENTATION_COMMENTS = YES;
				CLANG_WARN_EMPTY_BODY = YES;
				CLANG_WARN_ENUM_CONVERSION = YES;
				CLANG_WARN_INFINITE_RECURSION = YES;
				CLANG_WARN_INT_CONVERSION = YES;
				CLANG_WARN_NON_LITERAL_NULL_CONVERSION = YES;
				CLANG_WARN_OBJC_IMPLICIT_RETAIN_SELF = YES;
				CLANG_WARN_OBJC_LITERAL_CONVERSION = YES;
				CLANG_WARN_OBJC_ROOT_CLASS = YES_ERROR;
				CLANG_WARN_QUOTED_INCLUDE_IN_FRAMEWORK_HEADER = YES;
				CLANG_WARN_RANGE_LOOP_ANALYSIS = YES;
				CLANG_WARN_STRICT_PROTOTYPES = YES;
				CLANG_WARN_SUSPICIOUS_MOVE = YES;
				CLANG_WARN_UNGUARDED_AVAILABILITY = YES_AGGRESSIVE;
				CLANG_WARN_UNREACHABLE_CODE = YES;
				CLANG_WARN__DUPLICATE_METHOD_MATCH = YES;
				COPY_PHASE_STRIP = NO;
				DEBUG_INFORMATION_FORMAT = "dwarf-with-dsym";
				ENABLE_NS_ASSERTIONS = NO;
				ENABLE_STRICT_OBJC_MSGSEND = YES;
				GCC_C_LANGUAGE_STANDARD = gnu11;
				GCC_NO_COMMON_BLOCKS = YES;
				GCC_WARN_64_TO_32_BIT_CONVERSION = YES;
				GCC_WARN_ABOUT_RETURN_TYPE = YES_ERROR;
				GCC_WARN_UNDECLARED_SELECTOR = YES;
				GCC_WARN_UNINITIALIZED_AUTOS = YES_AGGRESSIVE;
				GCC_WARN_UNUSED_FUNCTION = YES;
				GCC_WARN_UNUSED_VARIABLE = YES;
				IPHONEOS_DEPLOYMENT_TARGET = 14.5;
				MTL_ENABLE_DEBUG_INFO = NO;
				MTL_FAST_MATH = YES;
				SDKROOT = iphoneos;
				SWIFT_COMPILATION_MODE = wholemodule;
				SWIFT_OPTIMIZATION_LEVEL = "-O";
				VALIDATE_PRODUCT = YES;
			};
			name = Release;
		};
		ECEAB3BE26D78958002D56A5 /* Debug */ = {
			isa = XCBuildConfiguration;
			buildSettings = {
				ASSETCATALOG_COMPILER_APPICON_NAME = AppIcon;
				ASSETCATALOG_COMPILER_GLOBAL_ACCENT_COLOR_NAME = AccentColor;
				CODE_SIGN_STYLE = Automatic;
				DEVELOPMENT_TEAM = NUMRL3MBS4;
				INFOPLIST_FILE = MVP/Info.plist;
				LD_RUNPATH_SEARCH_PATHS = (
					"$(inherited)",
					"@executable_path/Frameworks",
				);
				PRODUCT_BUNDLE_IDENTIFIER = SwifteriOS.MVP;
				PRODUCT_NAME = "$(TARGET_NAME)";
				SWIFT_VERSION = 5.0;
				TARGETED_DEVICE_FAMILY = "1,2";
			};
			name = Debug;
		};
		ECEAB3BF26D78958002D56A5 /* Release */ = {
			isa = XCBuildConfiguration;
			buildSettings = {
				ASSETCATALOG_COMPILER_APPICON_NAME = AppIcon;
				ASSETCATALOG_COMPILER_GLOBAL_ACCENT_COLOR_NAME = AccentColor;
				CODE_SIGN_STYLE = Automatic;
				DEVELOPMENT_TEAM = NUMRL3MBS4;
				INFOPLIST_FILE = MVP/Info.plist;
				LD_RUNPATH_SEARCH_PATHS = (
					"$(inherited)",
					"@executable_path/Frameworks",
				);
				PRODUCT_BUNDLE_IDENTIFIER = SwifteriOS.MVP;
				PRODUCT_NAME = "$(TARGET_NAME)";
				SWIFT_VERSION = 5.0;
				TARGETED_DEVICE_FAMILY = "1,2";
			};
			name = Release;
		};
		ECEAB3C126D78958002D56A5 /* Debug */ = {
			isa = XCBuildConfiguration;
			buildSettings = {
				ALWAYS_EMBED_SWIFT_STANDARD_LIBRARIES = YES;
				BUNDLE_LOADER = "$(TEST_HOST)";
				CODE_SIGN_STYLE = Automatic;
				DEVELOPMENT_TEAM = NUMRL3MBS4;
				INFOPLIST_FILE = MVPTests/Info.plist;
				IPHONEOS_DEPLOYMENT_TARGET = 14.5;
				LD_RUNPATH_SEARCH_PATHS = (
					"$(inherited)",
					"@executable_path/Frameworks",
					"@loader_path/Frameworks",
				);
				PRODUCT_BUNDLE_IDENTIFIER = SwifteriOS.MVPTests;
				PRODUCT_NAME = "$(TARGET_NAME)";
				SWIFT_VERSION = 5.0;
				TARGETED_DEVICE_FAMILY = "1,2";
				TEST_HOST = "$(BUILT_PRODUCTS_DIR)/MVP.app/MVP";
			};
			name = Debug;
		};
		ECEAB3C226D78958002D56A5 /* Release */ = {
			isa = XCBuildConfiguration;
			buildSettings = {
				ALWAYS_EMBED_SWIFT_STANDARD_LIBRARIES = YES;
				BUNDLE_LOADER = "$(TEST_HOST)";
				CODE_SIGN_STYLE = Automatic;
				DEVELOPMENT_TEAM = NUMRL3MBS4;
				INFOPLIST_FILE = MVPTests/Info.plist;
				IPHONEOS_DEPLOYMENT_TARGET = 14.5;
				LD_RUNPATH_SEARCH_PATHS = (
					"$(inherited)",
					"@executable_path/Frameworks",
					"@loader_path/Frameworks",
				);
				PRODUCT_BUNDLE_IDENTIFIER = SwifteriOS.MVPTests;
				PRODUCT_NAME = "$(TARGET_NAME)";
				SWIFT_VERSION = 5.0;
				TARGETED_DEVICE_FAMILY = "1,2";
				TEST_HOST = "$(BUILT_PRODUCTS_DIR)/MVP.app/MVP";
			};
			name = Release;
		};
		ECEAB3C426D78958002D56A5 /* Debug */ = {
			isa = XCBuildConfiguration;
			buildSettings = {
				ALWAYS_EMBED_SWIFT_STANDARD_LIBRARIES = YES;
				CODE_SIGN_STYLE = Automatic;
				DEVELOPMENT_TEAM = NUMRL3MBS4;
				INFOPLIST_FILE = MVPUITests/Info.plist;
				LD_RUNPATH_SEARCH_PATHS = (
					"$(inherited)",
					"@executable_path/Frameworks",
					"@loader_path/Frameworks",
				);
				PRODUCT_BUNDLE_IDENTIFIER = SwifteriOS.MVPUITests;
				PRODUCT_NAME = "$(TARGET_NAME)";
				SWIFT_VERSION = 5.0;
				TARGETED_DEVICE_FAMILY = "1,2";
				TEST_TARGET_NAME = MVP;
			};
			name = Debug;
		};
		ECEAB3C526D78958002D56A5 /* Release */ = {
			isa = XCBuildConfiguration;
			buildSettings = {
				ALWAYS_EMBED_SWIFT_STANDARD_LIBRARIES = YES;
				CODE_SIGN_STYLE = Automatic;
				DEVELOPMENT_TEAM = NUMRL3MBS4;
				INFOPLIST_FILE = MVPUITests/Info.plist;
				LD_RUNPATH_SEARCH_PATHS = (
					"$(inherited)",
					"@executable_path/Frameworks",
					"@loader_path/Frameworks",
				);
				PRODUCT_BUNDLE_IDENTIFIER = SwifteriOS.MVPUITests;
				PRODUCT_NAME = "$(TARGET_NAME)";
				SWIFT_VERSION = 5.0;
				TARGETED_DEVICE_FAMILY = "1,2";
				TEST_TARGET_NAME = MVP;
			};
			name = Release;
		};
/* End XCBuildConfiguration section */

/* Begin XCConfigurationList section */
		ECEAB38E26D78956002D56A5 /* Build configuration list for PBXProject "MVP" */ = {
			isa = XCConfigurationList;
			buildConfigurations = (
				ECEAB3BB26D78958002D56A5 /* Debug */,
				ECEAB3BC26D78958002D56A5 /* Release */,
			);
			defaultConfigurationIsVisible = 0;
			defaultConfigurationName = Release;
		};
		ECEAB3BD26D78958002D56A5 /* Build configuration list for PBXNativeTarget "MVP" */ = {
			isa = XCConfigurationList;
			buildConfigurations = (
				ECEAB3BE26D78958002D56A5 /* Debug */,
				ECEAB3BF26D78958002D56A5 /* Release */,
			);
			defaultConfigurationIsVisible = 0;
			defaultConfigurationName = Release;
		};
		ECEAB3C026D78958002D56A5 /* Build configuration list for PBXNativeTarget "MVPTests" */ = {
			isa = XCConfigurationList;
			buildConfigurations = (
				ECEAB3C126D78958002D56A5 /* Debug */,
				ECEAB3C226D78958002D56A5 /* Release */,
			);
			defaultConfigurationIsVisible = 0;
			defaultConfigurationName = Release;
		};
		ECEAB3C326D78958002D56A5 /* Build configuration list for PBXNativeTarget "MVPUITests" */ = {
			isa = XCConfigurationList;
			buildConfigurations = (
				ECEAB3C426D78958002D56A5 /* Debug */,
				ECEAB3C526D78958002D56A5 /* Release */,
			);
			defaultConfigurationIsVisible = 0;
			defaultConfigurationName = Release;
		};
/* End XCConfigurationList section */
	};
	rootObject = ECEAB38B26D78956002D56A5 /* Project object */;
}
